// !$*UTF8*$!
{
	archiveVersion = 1;
	classes = {
	};
	objectVersion = 56;
	objects = {

/* Begin PBXBuildFile section */
		21D109A72998E762006C38D7 /* AccountView.swift in Sources */ = {isa = PBXBuildFile; fileRef = 21D109A62998E762006C38D7 /* AccountView.swift */; };
		21D109A9299B61C1006C38D7 /* SubscribeView.swift in Sources */ = {isa = PBXBuildFile; fileRef = 21D109A8299B61C1006C38D7 /* SubscribeView.swift */; };
		21D109AE299D42CD006C38D7 /* ProductList.plist in Resources */ = {isa = PBXBuildFile; fileRef = 21D109AD299D42CD006C38D7 /* ProductList.plist */; };
		21D109B0299D43EB006C38D7 /* StoreKitManager.swift in Sources */ = {isa = PBXBuildFile; fileRef = 21D109AF299D43EB006C38D7 /* StoreKitManager.swift */; };
		21D109B629A35A48006C38D7 /* Products.storekit in Resources */ = {isa = PBXBuildFile; fileRef = 21D109B529A35A48006C38D7 /* Products.storekit */; };
		5656F9FB29A4B5A300B22043 /* Splash.swift in Sources */ = {isa = PBXBuildFile; fileRef = 5656F9FA29A4B5A300B22043 /* Splash.swift */; };
		5656F9FD29A4B5B700B22043 /* Logo.swift in Sources */ = {isa = PBXBuildFile; fileRef = 5656F9FC29A4B5B700B22043 /* Logo.swift */; };
		A8657B6729A7BD48006C4BB2 /* User.swift in Sources */ = {isa = PBXBuildFile; fileRef = A8657B6629A7BD48006C4BB2 /* User.swift */; };
		A8657B6929A7BD88006C4BB2 /* UserViewModel.swift in Sources */ = {isa = PBXBuildFile; fileRef = A8657B6829A7BD88006C4BB2 /* UserViewModel.swift */; };
		A877CF6E29A8EC3E00DD3161 /* ProfileCard.swift in Sources */ = {isa = PBXBuildFile; fileRef = A877CF6D29A8EC3E00DD3161 /* ProfileCard.swift */; };
		A88F78212994DFB300D3D109 /* HomeCard.swift in Sources */ = {isa = PBXBuildFile; fileRef = A88F78202994DFB300D3D109 /* HomeCard.swift */; };
		FC039C7B299B927700D72F06 /* GoogleService-Info.plist in Resources */ = {isa = PBXBuildFile; fileRef = FC039C7A299B927700D72F06 /* GoogleService-Info.plist */; };
		FC0879A3299CD5B9001C8806 /* PhoneViewModel.swift in Sources */ = {isa = PBXBuildFile; fileRef = FC0879A2299CD5B9001C8806 /* PhoneViewModel.swift */; };
		FC0879C029A28A21001C8806 /* FirebaseAuth in Frameworks */ = {isa = PBXBuildFile; productRef = FC0879BF29A28A21001C8806 /* FirebaseAuth */; };
		FC0879C229A28A21001C8806 /* FirebaseFirestore in Frameworks */ = {isa = PBXBuildFile; productRef = FC0879C129A28A21001C8806 /* FirebaseFirestore */; };
		FC0879C429A28A21001C8806 /* FirebaseFirestoreSwift in Frameworks */ = {isa = PBXBuildFile; productRef = FC0879C329A28A21001C8806 /* FirebaseFirestoreSwift */; };
		FC0879C629A28A21001C8806 /* FirebaseMessaging in Frameworks */ = {isa = PBXBuildFile; productRef = FC0879C529A28A21001C8806 /* FirebaseMessaging */; };
		FC9EA69A299A211700186387 /* SingUP.swift in Sources */ = {isa = PBXBuildFile; fileRef = FC9EA699299A211700186387 /* SingUP.swift */; };
		FC9EA69C299A29BE00186387 /* Verification.swift in Sources */ = {isa = PBXBuildFile; fileRef = FC9EA69B299A29BE00186387 /* Verification.swift */; };
		FC9EA69E299B837B00186387 /* CountdownView.swift in Sources */ = {isa = PBXBuildFile; fileRef = FC9EA69D299B837B00186387 /* CountdownView.swift */; };
		FCEBA6432994C87A003FB295 /* RoomadeApp.swift in Sources */ = {isa = PBXBuildFile; fileRef = FCEBA6422994C87A003FB295 /* RoomadeApp.swift */; };
		FCEBA6452994C87A003FB295 /* ContentView.swift in Sources */ = {isa = PBXBuildFile; fileRef = FCEBA6442994C87A003FB295 /* ContentView.swift */; };
		FCEBA6472994C87B003FB295 /* Assets.xcassets in Resources */ = {isa = PBXBuildFile; fileRef = FCEBA6462994C87B003FB295 /* Assets.xcassets */; };
		FCEBA64A2994C87B003FB295 /* Preview Assets.xcassets in Resources */ = {isa = PBXBuildFile; fileRef = FCEBA6492994C87B003FB295 /* Preview Assets.xcassets */; };
		FCEBA6512994D078003FB295 /* LogIN.swift in Sources */ = {isa = PBXBuildFile; fileRef = FCEBA6502994D078003FB295 /* LogIN.swift */; };
/* End PBXBuildFile section */

/* Begin PBXFileReference section */
		21D109A62998E762006C38D7 /* AccountView.swift */ = {isa = PBXFileReference; lastKnownFileType = sourcecode.swift; path = AccountView.swift; sourceTree = "<group>"; };
		21D109A8299B61C1006C38D7 /* SubscribeView.swift */ = {isa = PBXFileReference; lastKnownFileType = sourcecode.swift; path = SubscribeView.swift; sourceTree = "<group>"; };
		21D109AD299D42CD006C38D7 /* ProductList.plist */ = {isa = PBXFileReference; lastKnownFileType = text.plist.xml; path = ProductList.plist; sourceTree = "<group>"; };
		21D109AF299D43EB006C38D7 /* StoreKitManager.swift */ = {isa = PBXFileReference; lastKnownFileType = sourcecode.swift; path = StoreKitManager.swift; sourceTree = "<group>"; };
		21D109B529A35A48006C38D7 /* Products.storekit */ = {isa = PBXFileReference; lastKnownFileType = text; path = Products.storekit; sourceTree = "<group>"; };
		5656F9FA29A4B5A300B22043 /* Splash.swift */ = {isa = PBXFileReference; lastKnownFileType = sourcecode.swift; path = Splash.swift; sourceTree = "<group>"; };
		5656F9FC29A4B5B700B22043 /* Logo.swift */ = {isa = PBXFileReference; lastKnownFileType = sourcecode.swift; path = Logo.swift; sourceTree = "<group>"; };
		A8657B6629A7BD48006C4BB2 /* User.swift */ = {isa = PBXFileReference; lastKnownFileType = sourcecode.swift; path = User.swift; sourceTree = "<group>"; };
		A8657B6829A7BD88006C4BB2 /* UserViewModel.swift */ = {isa = PBXFileReference; lastKnownFileType = sourcecode.swift; path = UserViewModel.swift; sourceTree = "<group>"; };
		A877CF6D29A8EC3E00DD3161 /* ProfileCard.swift */ = {isa = PBXFileReference; lastKnownFileType = sourcecode.swift; path = ProfileCard.swift; sourceTree = "<group>"; };
		A88F78202994DFB300D3D109 /* HomeCard.swift */ = {isa = PBXFileReference; lastKnownFileType = sourcecode.swift; path = HomeCard.swift; sourceTree = "<group>"; };
		FC039C7A299B927700D72F06 /* GoogleService-Info.plist */ = {isa = PBXFileReference; fileEncoding = 4; lastKnownFileType = text.plist.xml; path = "GoogleService-Info.plist"; sourceTree = "<group>"; };
		FC0879A2299CD5B9001C8806 /* PhoneViewModel.swift */ = {isa = PBXFileReference; lastKnownFileType = sourcecode.swift; path = PhoneViewModel.swift; sourceTree = "<group>"; };
		FC0879A4299FC377001C8806 /* Roomade.entitlements */ = {isa = PBXFileReference; lastKnownFileType = text.plist.entitlements; path = Roomade.entitlements; sourceTree = "<group>"; };
		FC0879A5299FC380001C8806 /* Info.plist */ = {isa = PBXFileReference; lastKnownFileType = text.plist; path = Info.plist; sourceTree = "<group>"; };
		FC9EA699299A211700186387 /* SingUP.swift */ = {isa = PBXFileReference; lastKnownFileType = sourcecode.swift; path = SingUP.swift; sourceTree = "<group>"; };
		FC9EA69B299A29BE00186387 /* Verification.swift */ = {isa = PBXFileReference; lastKnownFileType = sourcecode.swift; path = Verification.swift; sourceTree = "<group>"; };
		FC9EA69D299B837B00186387 /* CountdownView.swift */ = {isa = PBXFileReference; lastKnownFileType = sourcecode.swift; path = CountdownView.swift; sourceTree = "<group>"; };
		FCEBA63F2994C87A003FB295 /* Roomade.app */ = {isa = PBXFileReference; explicitFileType = wrapper.application; includeInIndex = 0; path = Roomade.app; sourceTree = BUILT_PRODUCTS_DIR; };
		FCEBA6422994C87A003FB295 /* RoomadeApp.swift */ = {isa = PBXFileReference; lastKnownFileType = sourcecode.swift; path = RoomadeApp.swift; sourceTree = "<group>"; };
		FCEBA6442994C87A003FB295 /* ContentView.swift */ = {isa = PBXFileReference; lastKnownFileType = sourcecode.swift; path = ContentView.swift; sourceTree = "<group>"; };
		FCEBA6462994C87B003FB295 /* Assets.xcassets */ = {isa = PBXFileReference; lastKnownFileType = folder.assetcatalog; path = Assets.xcassets; sourceTree = "<group>"; };
		FCEBA6492994C87B003FB295 /* Preview Assets.xcassets */ = {isa = PBXFileReference; lastKnownFileType = folder.assetcatalog; path = "Preview Assets.xcassets"; sourceTree = "<group>"; };
		FCEBA6502994D078003FB295 /* LogIN.swift */ = {isa = PBXFileReference; lastKnownFileType = sourcecode.swift; path = LogIN.swift; sourceTree = "<group>"; };
/* End PBXFileReference section */

/* Begin PBXFrameworksBuildPhase section */
		FCEBA63C2994C87A003FB295 /* Frameworks */ = {
			isa = PBXFrameworksBuildPhase;
			buildActionMask = 2147483647;
			files = (
				FC0879C629A28A21001C8806 /* FirebaseMessaging in Frameworks */,
				FC0879C029A28A21001C8806 /* FirebaseAuth in Frameworks */,
				FC0879C229A28A21001C8806 /* FirebaseFirestore in Frameworks */,
				FC0879C429A28A21001C8806 /* FirebaseFirestoreSwift in Frameworks */,
			);
			runOnlyForDeploymentPostprocessing = 0;
		};
/* End PBXFrameworksBuildPhase section */

/* Begin PBXGroup section */
		FC0879A1299CD599001C8806 /* ViewModel */ = {
			isa = PBXGroup;
			children = (
				FC0879A2299CD5B9001C8806 /* PhoneViewModel.swift */,
				A8657B6829A7BD88006C4BB2 /* UserViewModel.swift */,
			);
			path = ViewModel;
			sourceTree = "<group>";
		};
		FCEBA6362994C87A003FB295 = {
			isa = PBXGroup;
			children = (
				FCEBA6412994C87A003FB295 /* Roomade */,
				FCEBA6402994C87A003FB295 /* Products */,
			);
			sourceTree = "<group>";
		};
		FCEBA6402994C87A003FB295 /* Products */ = {
			isa = PBXGroup;
			children = (
				FCEBA63F2994C87A003FB295 /* Roomade.app */,
			);
			name = Products;
			sourceTree = "<group>";
		};
		FCEBA6412994C87A003FB295 /* Roomade */ = {
			isa = PBXGroup;
			children = (
				FC0879A5299FC380001C8806 /* Info.plist */,
				FC0879A4299FC377001C8806 /* Roomade.entitlements */,
				FCEBA6502994D078003FB295 /* LogIN.swift */,
				FC9EA699299A211700186387 /* SingUP.swift */,
				FC9EA69B299A29BE00186387 /* Verification.swift */,
				FC9EA69D299B837B00186387 /* CountdownView.swift */,
				FCEBA6422994C87A003FB295 /* RoomadeApp.swift */,
				FCEBA6442994C87A003FB295 /* ContentView.swift */,
				A88F78202994DFB300D3D109 /* HomeCard.swift */,
				A8657B6629A7BD48006C4BB2 /* User.swift */,
				A877CF6D29A8EC3E00DD3161 /* ProfileCard.swift */,
				5656F9FC29A4B5B700B22043 /* Logo.swift */,
				5656F9FA29A4B5A300B22043 /* Splash.swift */,
				FC0879A1299CD599001C8806 /* ViewModel */,
				21D109A62998E762006C38D7 /* AccountView.swift */,
				21D109A8299B61C1006C38D7 /* SubscribeView.swift */,
				21D109AF299D43EB006C38D7 /* StoreKitManager.swift */,
				21D109AD299D42CD006C38D7 /* ProductList.plist */,
				FCEBA6462994C87B003FB295 /* Assets.xcassets */,
				FC039C7A299B927700D72F06 /* GoogleService-Info.plist */,
				FCEBA6482994C87B003FB295 /* Preview Content */,
				21D109B529A35A48006C38D7 /* Products.storekit */,
			);
			path = Roomade;
			sourceTree = "<group>";
		};
		FCEBA6482994C87B003FB295 /* Preview Content */ = {
			isa = PBXGroup;
			children = (
				FCEBA6492994C87B003FB295 /* Preview Assets.xcassets */,
			);
			path = "Preview Content";
			sourceTree = "<group>";
		};
/* End PBXGroup section */

/* Begin PBXNativeTarget section */
		FCEBA63E2994C87A003FB295 /* Roomade */ = {
			isa = PBXNativeTarget;
			buildConfigurationList = FCEBA64D2994C87B003FB295 /* Build configuration list for PBXNativeTarget "Roomade" */;
			buildPhases = (
				FCEBA63B2994C87A003FB295 /* Sources */,
				FCEBA63C2994C87A003FB295 /* Frameworks */,
				FCEBA63D2994C87A003FB295 /* Resources */,
			);
			buildRules = (
			);
			dependencies = (
			);
			name = Roomade;
			packageProductDependencies = (
				FC0879BF29A28A21001C8806 /* FirebaseAuth */,
				FC0879C129A28A21001C8806 /* FirebaseFirestore */,
				FC0879C329A28A21001C8806 /* FirebaseFirestoreSwift */,
				FC0879C529A28A21001C8806 /* FirebaseMessaging */,
			);
			productName = Roomade;
			productReference = FCEBA63F2994C87A003FB295 /* Roomade.app */;
			productType = "com.apple.product-type.application";
		};
/* End PBXNativeTarget section */

/* Begin PBXProject section */
		FCEBA6372994C87A003FB295 /* Project object */ = {
			isa = PBXProject;
			attributes = {
				BuildIndependentTargetsInParallel = 1;
				LastSwiftUpdateCheck = 1420;
				LastUpgradeCheck = 1420;
				TargetAttributes = {
					FCEBA63E2994C87A003FB295 = {
						CreatedOnToolsVersion = 14.2;
					};
				};
			};
			buildConfigurationList = FCEBA63A2994C87A003FB295 /* Build configuration list for PBXProject "Roomade" */;
			compatibilityVersion = "Xcode 14.0";
			developmentRegion = en;
			hasScannedForEncodings = 0;
			knownRegions = (
				en,
				Base,
			);
			mainGroup = FCEBA6362994C87A003FB295;
			packageReferences = (
				FC0879BE29A28A21001C8806 /* XCRemoteSwiftPackageReference "firebase-ios-sdk" */,
			);
			productRefGroup = FCEBA6402994C87A003FB295 /* Products */;
			projectDirPath = "";
			projectRoot = "";
			targets = (
				FCEBA63E2994C87A003FB295 /* Roomade */,
			);
		};
/* End PBXProject section */

/* Begin PBXResourcesBuildPhase section */
		FCEBA63D2994C87A003FB295 /* Resources */ = {
			isa = PBXResourcesBuildPhase;
			buildActionMask = 2147483647;
			files = (
				FCEBA64A2994C87B003FB295 /* Preview Assets.xcassets in Resources */,
				21D109AE299D42CD006C38D7 /* ProductList.plist in Resources */,
				FCEBA6472994C87B003FB295 /* Assets.xcassets in Resources */,
				21D109B629A35A48006C38D7 /* Products.storekit in Resources */,
				FC039C7B299B927700D72F06 /* GoogleService-Info.plist in Resources */,
			);
			runOnlyForDeploymentPostprocessing = 0;
		};
/* End PBXResourcesBuildPhase section */

/* Begin PBXSourcesBuildPhase section */
		FCEBA63B2994C87A003FB295 /* Sources */ = {
			isa = PBXSourcesBuildPhase;
			buildActionMask = 2147483647;
			files = (
				FC9EA69E299B837B00186387 /* CountdownView.swift in Sources */,
				FC9EA69C299A29BE00186387 /* Verification.swift in Sources */,
				A88F78212994DFB300D3D109 /* HomeCard.swift in Sources */,
				5656F9FB29A4B5A300B22043 /* Splash.swift in Sources */,
				21D109A72998E762006C38D7 /* AccountView.swift in Sources */,
				FCEBA6452994C87A003FB295 /* ContentView.swift in Sources */,
				FC0879A3299CD5B9001C8806 /* PhoneViewModel.swift in Sources */,
				A877CF6E29A8EC3E00DD3161 /* ProfileCard.swift in Sources */,
				FC9EA69A299A211700186387 /* SingUP.swift in Sources */,
				FCEBA6432994C87A003FB295 /* RoomadeApp.swift in Sources */,
				A8657B6729A7BD48006C4BB2 /* User.swift in Sources */,
				A8657B6929A7BD88006C4BB2 /* UserViewModel.swift in Sources */,
				FCEBA6512994D078003FB295 /* LogIN.swift in Sources */,
				21D109A9299B61C1006C38D7 /* SubscribeView.swift in Sources */,
				5656F9FD29A4B5B700B22043 /* Logo.swift in Sources */,
				21D109B0299D43EB006C38D7 /* StoreKitManager.swift in Sources */,
			);
			runOnlyForDeploymentPostprocessing = 0;
		};
/* End PBXSourcesBuildPhase section */

/* Begin XCBuildConfiguration section */
		FCEBA64B2994C87B003FB295 /* Debug */ = {
			isa = XCBuildConfiguration;
			buildSettings = {
				ALWAYS_SEARCH_USER_PATHS = NO;
				CLANG_ANALYZER_NONNULL = YES;
				CLANG_ANALYZER_NUMBER_OBJECT_CONVERSION = YES_AGGRESSIVE;
				CLANG_CXX_LANGUAGE_STANDARD = "gnu++20";
				CLANG_ENABLE_MODULES = YES;
				CLANG_ENABLE_OBJC_ARC = YES;
				CLANG_ENABLE_OBJC_WEAK = YES;
				CLANG_WARN_BLOCK_CAPTURE_AUTORELEASING = YES;
				CLANG_WARN_BOOL_CONVERSION = YES;
				CLANG_WARN_COMMA = YES;
				CLANG_WARN_CONSTANT_CONVERSION = YES;
				CLANG_WARN_DEPRECATED_OBJC_IMPLEMENTATIONS = YES;
				CLANG_WARN_DIRECT_OBJC_ISA_USAGE = YES_ERROR;
				CLANG_WARN_DOCUMENTATION_COMMENTS = YES;
				CLANG_WARN_EMPTY_BODY = YES;
				CLANG_WARN_ENUM_CONVERSION = YES;
				CLANG_WARN_INFINITE_RECURSION = YES;
				CLANG_WARN_INT_CONVERSION = YES;
				CLANG_WARN_NON_LITERAL_NULL_CONVERSION = YES;
				CLANG_WARN_OBJC_IMPLICIT_RETAIN_SELF = YES;
				CLANG_WARN_OBJC_LITERAL_CONVERSION = YES;
				CLANG_WARN_OBJC_ROOT_CLASS = YES_ERROR;
				CLANG_WARN_QUOTED_INCLUDE_IN_FRAMEWORK_HEADER = YES;
				CLANG_WARN_RANGE_LOOP_ANALYSIS = YES;
				CLANG_WARN_STRICT_PROTOTYPES = YES;
				CLANG_WARN_SUSPICIOUS_MOVE = YES;
				CLANG_WARN_UNGUARDED_AVAILABILITY = YES_AGGRESSIVE;
				CLANG_WARN_UNREACHABLE_CODE = YES;
				CLANG_WARN__DUPLICATE_METHOD_MATCH = YES;
				COPY_PHASE_STRIP = NO;
				DEBUG_INFORMATION_FORMAT = dwarf;
				ENABLE_STRICT_OBJC_MSGSEND = YES;
				ENABLE_TESTABILITY = YES;
				GCC_C_LANGUAGE_STANDARD = gnu11;
				GCC_DYNAMIC_NO_PIC = NO;
				GCC_NO_COMMON_BLOCKS = YES;
				GCC_OPTIMIZATION_LEVEL = 0;
				GCC_PREPROCESSOR_DEFINITIONS = (
					"DEBUG=1",
					"$(inherited)",
				);
				GCC_WARN_64_TO_32_BIT_CONVERSION = YES;
				GCC_WARN_ABOUT_RETURN_TYPE = YES_ERROR;
				GCC_WARN_UNDECLARED_SELECTOR = YES;
				GCC_WARN_UNINITIALIZED_AUTOS = YES_AGGRESSIVE;
				GCC_WARN_UNUSED_FUNCTION = YES;
				GCC_WARN_UNUSED_VARIABLE = YES;
				IPHONEOS_DEPLOYMENT_TARGET = 15.0;
				MTL_ENABLE_DEBUG_INFO = INCLUDE_SOURCE;
				MTL_FAST_MATH = YES;
				ONLY_ACTIVE_ARCH = YES;
				SDKROOT = iphoneos;
				SWIFT_ACTIVE_COMPILATION_CONDITIONS = DEBUG;
				SWIFT_OPTIMIZATION_LEVEL = "-Onone";
			};
			name = Debug;
		};
		FCEBA64C2994C87B003FB295 /* Release */ = {
			isa = XCBuildConfiguration;
			buildSettings = {
				ALWAYS_SEARCH_USER_PATHS = NO;
				CLANG_ANALYZER_NONNULL = YES;
				CLANG_ANALYZER_NUMBER_OBJECT_CONVERSION = YES_AGGRESSIVE;
				CLANG_CXX_LANGUAGE_STANDARD = "gnu++20";
				CLANG_ENABLE_MODULES = YES;
				CLANG_ENABLE_OBJC_ARC = YES;
				CLANG_ENABLE_OBJC_WEAK = YES;
				CLANG_WARN_BLOCK_CAPTURE_AUTORELEASING = YES;
				CLANG_WARN_BOOL_CONVERSION = YES;
				CLANG_WARN_COMMA = YES;
				CLANG_WARN_CONSTANT_CONVERSION = YES;
				CLANG_WARN_DEPRECATED_OBJC_IMPLEMENTATIONS = YES;
				CLANG_WARN_DIRECT_OBJC_ISA_USAGE = YES_ERROR;
				CLANG_WARN_DOCUMENTATION_COMMENTS = YES;
				CLANG_WARN_EMPTY_BODY = YES;
				CLANG_WARN_ENUM_CONVERSION = YES;
				CLANG_WARN_INFINITE_RECURSION = YES;
				CLANG_WARN_INT_CONVERSION = YES;
				CLANG_WARN_NON_LITERAL_NULL_CONVERSION = YES;
				CLANG_WARN_OBJC_IMPLICIT_RETAIN_SELF = YES;
				CLANG_WARN_OBJC_LITERAL_CONVERSION = YES;
				CLANG_WARN_OBJC_ROOT_CLASS = YES_ERROR;
				CLANG_WARN_QUOTED_INCLUDE_IN_FRAMEWORK_HEADER = YES;
				CLANG_WARN_RANGE_LOOP_ANALYSIS = YES;
				CLANG_WARN_STRICT_PROTOTYPES = YES;
				CLANG_WARN_SUSPICIOUS_MOVE = YES;
				CLANG_WARN_UNGUARDED_AVAILABILITY = YES_AGGRESSIVE;
				CLANG_WARN_UNREACHABLE_CODE = YES;
				CLANG_WARN__DUPLICATE_METHOD_MATCH = YES;
				COPY_PHASE_STRIP = NO;
				DEBUG_INFORMATION_FORMAT = "dwarf-with-dsym";
				ENABLE_NS_ASSERTIONS = NO;
				ENABLE_STRICT_OBJC_MSGSEND = YES;
				GCC_C_LANGUAGE_STANDARD = gnu11;
				GCC_NO_COMMON_BLOCKS = YES;
				GCC_WARN_64_TO_32_BIT_CONVERSION = YES;
				GCC_WARN_ABOUT_RETURN_TYPE = YES_ERROR;
				GCC_WARN_UNDECLARED_SELECTOR = YES;
				GCC_WARN_UNINITIALIZED_AUTOS = YES_AGGRESSIVE;
				GCC_WARN_UNUSED_FUNCTION = YES;
				GCC_WARN_UNUSED_VARIABLE = YES;
				IPHONEOS_DEPLOYMENT_TARGET = 15.0;
				MTL_ENABLE_DEBUG_INFO = NO;
				MTL_FAST_MATH = YES;
				SDKROOT = iphoneos;
				SWIFT_COMPILATION_MODE = wholemodule;
				SWIFT_OPTIMIZATION_LEVEL = "-O";
				VALIDATE_PRODUCT = YES;
			};
			name = Release;
		};
		FCEBA64E2994C87B003FB295 /* Debug */ = {
			isa = XCBuildConfiguration;
			buildSettings = {
				ASSETCATALOG_COMPILER_APPICON_NAME = AppIcon;
				ASSETCATALOG_COMPILER_GLOBAL_ACCENT_COLOR_NAME = AccentColor;
				CODE_SIGN_ENTITLEMENTS = Roomade/Roomade.entitlements;
				CODE_SIGN_STYLE = Automatic;
				CURRENT_PROJECT_VERSION = 1;
				DEVELOPMENT_ASSET_PATHS = "\"Roomade/Preview Content\"";
				DEVELOPMENT_TEAM = CHXYY877GH;
				ENABLE_PREVIEWS = YES;
				GENERATE_INFOPLIST_FILE = YES;
				INFOPLIST_FILE = Roomade/Info.plist;
				INFOPLIST_KEY_UIApplicationSceneManifest_Generation = YES;
				INFOPLIST_KEY_UIApplicationSupportsIndirectInputEvents = YES;
				INFOPLIST_KEY_UILaunchScreen_Generation = YES;
				INFOPLIST_KEY_UISupportedInterfaceOrientations_iPad = "UIInterfaceOrientationPortrait UIInterfaceOrientationPortraitUpsideDown UIInterfaceOrientationLandscapeLeft UIInterfaceOrientationLandscapeRight";
				INFOPLIST_KEY_UISupportedInterfaceOrientations_iPhone = "UIInterfaceOrientationPortrait UIInterfaceOrientationLandscapeLeft UIInterfaceOrientationLandscapeRight";
				IPHONEOS_DEPLOYMENT_TARGET = 15.0;
				LD_RUNPATH_SEARCH_PATHS = (
					"$(inherited)",
					"@executable_path/Frameworks",
				);
				MARKETING_VERSION = 1.0;
				PRODUCT_BUNDLE_IDENTIFIER = com.4D.Roomade;
				PRODUCT_NAME = "$(TARGET_NAME)";
				SUPPORTED_PLATFORMS = "iphoneos iphonesimulator";
				SUPPORTS_MACCATALYST = NO;
				SUPPORTS_MAC_DESIGNED_FOR_IPHONE_IPAD = NO;
				SWIFT_EMIT_LOC_STRINGS = YES;
				SWIFT_VERSION = 5.0;
				TARGETED_DEVICE_FAMILY = 1;
			};
			name = Debug;
		};
		FCEBA64F2994C87B003FB295 /* Release */ = {
			isa = XCBuildConfiguration;
			buildSettings = {
				ASSETCATALOG_COMPILER_APPICON_NAME = AppIcon;
				ASSETCATALOG_COMPILER_GLOBAL_ACCENT_COLOR_NAME = AccentColor;
				CODE_SIGN_ENTITLEMENTS = Roomade/Roomade.entitlements;
				CODE_SIGN_STYLE = Automatic;
				CURRENT_PROJECT_VERSION = 1;
				DEVELOPMENT_ASSET_PATHS = "\"Roomade/Preview Content\"";
				DEVELOPMENT_TEAM = CHXYY877GH;
				ENABLE_PREVIEWS = YES;
				GENERATE_INFOPLIST_FILE = YES;
				INFOPLIST_FILE = Roomade/Info.plist;
				INFOPLIST_KEY_UIApplicationSceneManifest_Generation = YES;
				INFOPLIST_KEY_UIApplicationSupportsIndirectInputEvents = YES;
				INFOPLIST_KEY_UILaunchScreen_Generation = YES;
				INFOPLIST_KEY_UISupportedInterfaceOrientations_iPad = "UIInterfaceOrientationPortrait UIInterfaceOrientationPortraitUpsideDown UIInterfaceOrientationLandscapeLeft UIInterfaceOrientationLandscapeRight";
				INFOPLIST_KEY_UISupportedInterfaceOrientations_iPhone = "UIInterfaceOrientationPortrait UIInterfaceOrientationLandscapeLeft UIInterfaceOrientationLandscapeRight";
				IPHONEOS_DEPLOYMENT_TARGET = 15.0;
				LD_RUNPATH_SEARCH_PATHS = (
					"$(inherited)",
					"@executable_path/Frameworks",
				);
				MARKETING_VERSION = 1.0;
				PRODUCT_BUNDLE_IDENTIFIER = com.4D.Roomade;
				PRODUCT_NAME = "$(TARGET_NAME)";
				SUPPORTED_PLATFORMS = "iphoneos iphonesimulator";
				SUPPORTS_MACCATALYST = NO;
				SUPPORTS_MAC_DESIGNED_FOR_IPHONE_IPAD = NO;
				SWIFT_EMIT_LOC_STRINGS = YES;
				SWIFT_VERSION = 5.0;
				TARGETED_DEVICE_FAMILY = 1;
			};
			name = Release;
		};
/* End XCBuildConfiguration section */

/* Begin XCConfigurationList section */
		FCEBA63A2994C87A003FB295 /* Build configuration list for PBXProject "Roomade" */ = {
			isa = XCConfigurationList;
			buildConfigurations = (
				FCEBA64B2994C87B003FB295 /* Debug */,
				FCEBA64C2994C87B003FB295 /* Release */,
			);
			defaultConfigurationIsVisible = 0;
			defaultConfigurationName = Release;
		};
		FCEBA64D2994C87B003FB295 /* Build configuration list for PBXNativeTarget "Roomade" */ = {
			isa = XCConfigurationList;
			buildConfigurations = (
				FCEBA64E2994C87B003FB295 /* Debug */,
				FCEBA64F2994C87B003FB295 /* Release */,
			);
			defaultConfigurationIsVisible = 0;
			defaultConfigurationName = Release;
		};
/* End XCConfigurationList section */

/* Begin XCRemoteSwiftPackageReference section */
		FC0879BE29A28A21001C8806 /* XCRemoteSwiftPackageReference "firebase-ios-sdk" */ = {
			isa = XCRemoteSwiftPackageReference;
			repositoryURL = "https://github.com/firebase/firebase-ios-sdk.git";
			requirement = {
				kind = upToNextMajorVersion;
				minimumVersion = 9.0.0;
			};
		};
/* End XCRemoteSwiftPackageReference section */

/* Begin XCSwiftPackageProductDependency section */
		FC0879BF29A28A21001C8806 /* FirebaseAuth */ = {
			isa = XCSwiftPackageProductDependency;
			package = FC0879BE29A28A21001C8806 /* XCRemoteSwiftPackageReference "firebase-ios-sdk" */;
			productName = FirebaseAuth;
		};
		FC0879C129A28A21001C8806 /* FirebaseFirestore */ = {
			isa = XCSwiftPackageProductDependency;
			package = FC0879BE29A28A21001C8806 /* XCRemoteSwiftPackageReference "firebase-ios-sdk" */;
			productName = FirebaseFirestore;
		};
		FC0879C329A28A21001C8806 /* FirebaseFirestoreSwift */ = {
			isa = XCSwiftPackageProductDependency;
			package = FC0879BE29A28A21001C8806 /* XCRemoteSwiftPackageReference "firebase-ios-sdk" */;
			productName = FirebaseFirestoreSwift;
		};
		FC0879C529A28A21001C8806 /* FirebaseMessaging */ = {
			isa = XCSwiftPackageProductDependency;
			package = FC0879BE29A28A21001C8806 /* XCRemoteSwiftPackageReference "firebase-ios-sdk" */;
			productName = FirebaseMessaging;
		};
/* End XCSwiftPackageProductDependency section */
	};
	rootObject = FCEBA6372994C87A003FB295 /* Project object */;
}
